
Microsoft Visual Studio Solution File, Format Version 12.00
# Visual Studio Version 16
VisualStudioVersion = 16.0.31605.320
MinimumVisualStudioVersion = 10.0.40219.1
Project("{FAE04EC0-301F-11D3-BF4B-00C04F79EFBC}") = "MulticastDelegate", "MulticastDelegate\MulticastDelegate.csproj", "{79A4CD5C-C18F-4F9A-935D-CC5A1268C7AD}"
EndProject
Global
	GlobalSection(SolutionConfigurationPlatforms) = preSolution
		Debug|Any CPU = Debug|Any CPU
		Release|Any CPU = Release|Any CPU
	EndGlobalSection
	GlobalSection(ProjectConfigurationPlatforms) = postSolution
		{79A4CD5C-C18F-4F9A-935D-CC5A1268C7AD}.Debug|Any CPU.ActiveCfg = Debug|Any CPU
		{79A4CD5C-C18F-4F9A-935D-CC5A1268C7AD}.Debug|Any CPU.Build.0 = Debug|Any CPU
		{79A4CD5C-C18F-4F9A-935D-CC5A1268C7AD}.Release|Any CPU.ActiveCfg = Release|Any CPU
		{79A4CD5C-C18F-4F9A-935D-CC5A1268C7AD}.Release|Any CPU.Build.0 = Release|Any CPU
	EndGlobalSection
	GlobalSection(SolutionProperties) = preSolution
		HideSolutionNode = FALSE
	EndGlobalSection
	GlobalSection(ExtensibilityGlobals) = postSolution
		SolutionGuid = {425AD68B-EF46-44D7-9864-2394EF05D8AF}
	EndGlobalSection
EndGlobal
