
Microsoft Visual Studio Solution File, Format Version 12.00
# Visual Studio Version 16
VisualStudioVersion = 16.0.31605.320
MinimumVisualStudioVersion = 10.0.40219.1
Project("{FAE04EC0-301F-11D3-BF4B-00C04F79EFBC}") = "LinqExConApp", "LinqExConApp\LinqExConApp.csproj", "{720EDE50-AC31-4A8B-BA2C-8A6CCF8A31CA}"
EndProject
Global
	GlobalSection(SolutionConfigurationPlatforms) = preSolution
		Debug|Any CPU = Debug|Any CPU
		Release|Any CPU = Release|Any CPU
	EndGlobalSection
	GlobalSection(ProjectConfigurationPlatforms) = postSolution
		{720EDE50-AC31-4A8B-BA2C-8A6CCF8A31CA}.Debug|Any CPU.ActiveCfg = Debug|Any CPU
		{720EDE50-AC31-4A8B-BA2C-8A6CCF8A31CA}.Debug|Any CPU.Build.0 = Debug|Any CPU
		{720EDE50-AC31-4A8B-BA2C-8A6CCF8A31CA}.Release|Any CPU.ActiveCfg = Release|Any CPU
		{720EDE50-AC31-4A8B-BA2C-8A6CCF8A31CA}.Release|Any CPU.Build.0 = Release|Any CPU
	EndGlobalSection
	GlobalSection(SolutionProperties) = preSolution
		HideSolutionNode = FALSE
	EndGlobalSection
	GlobalSection(ExtensibilityGlobals) = postSolution
		SolutionGuid = {9BAF6AC3-3E2C-4E90-84DB-379D822A1CAA}
	EndGlobalSection
EndGlobal
