
Microsoft Visual Studio Solution File, Format Version 12.00
# Visual Studio Version 16
VisualStudioVersion = 16.0.31605.320
MinimumVisualStudioVersion = 10.0.40219.1
Project("{FAE04EC0-301F-11D3-BF4B-00C04F79EFBC}") = "ItemsEx", "ItemsEx\ItemsEx.csproj", "{C84579F1-AC35-4115-A43D-E8B6482AAEDD}"
EndProject
Global
	GlobalSection(SolutionConfigurationPlatforms) = preSolution
		Debug|Any CPU = Debug|Any CPU
		Release|Any CPU = Release|Any CPU
	EndGlobalSection
	GlobalSection(ProjectConfigurationPlatforms) = postSolution
		{C84579F1-AC35-4115-A43D-E8B6482AAEDD}.Debug|Any CPU.ActiveCfg = Debug|Any CPU
		{C84579F1-AC35-4115-A43D-E8B6482AAEDD}.Debug|Any CPU.Build.0 = Debug|Any CPU
		{C84579F1-AC35-4115-A43D-E8B6482AAEDD}.Release|Any CPU.ActiveCfg = Release|Any CPU
		{C84579F1-AC35-4115-A43D-E8B6482AAEDD}.Release|Any CPU.Build.0 = Release|Any CPU
	EndGlobalSection
	GlobalSection(SolutionProperties) = preSolution
		HideSolutionNode = FALSE
	EndGlobalSection
	GlobalSection(ExtensibilityGlobals) = postSolution
		SolutionGuid = {C45D2A61-4957-4989-A301-010373BE8431}
	EndGlobalSection
EndGlobal
