
Microsoft Visual Studio Solution File, Format Version 12.00
# Visual Studio Version 16
VisualStudioVersion = 16.0.31605.320
MinimumVisualStudioVersion = 10.0.40219.1
Project("{FAE04EC0-301F-11D3-BF4B-00C04F79EFBC}") = "EmpLib", "EmpLib\EmpLib.csproj", "{3EAA0D93-3A20-4EFF-A3AD-19BE4C23FB22}"
EndProject
Global
	GlobalSection(SolutionConfigurationPlatforms) = preSolution
		Debug|Any CPU = Debug|Any CPU
		Release|Any CPU = Release|Any CPU
	EndGlobalSection
	GlobalSection(ProjectConfigurationPlatforms) = postSolution
		{3EAA0D93-3A20-4EFF-A3AD-19BE4C23FB22}.Debug|Any CPU.ActiveCfg = Debug|Any CPU
		{3EAA0D93-3A20-4EFF-A3AD-19BE4C23FB22}.Debug|Any CPU.Build.0 = Debug|Any CPU
		{3EAA0D93-3A20-4EFF-A3AD-19BE4C23FB22}.Release|Any CPU.ActiveCfg = Release|Any CPU
		{3EAA0D93-3A20-4EFF-A3AD-19BE4C23FB22}.Release|Any CPU.Build.0 = Release|Any CPU
	EndGlobalSection
	GlobalSection(SolutionProperties) = preSolution
		HideSolutionNode = FALSE
	EndGlobalSection
	GlobalSection(ExtensibilityGlobals) = postSolution
		SolutionGuid = {D7BA0F36-DBC1-4E4B-BD0C-CFD0839B186C}
	EndGlobalSection
EndGlobal
