
Microsoft Visual Studio Solution File, Format Version 12.00
# Visual Studio Version 16
VisualStudioVersion = 16.0.31605.320
MinimumVisualStudioVersion = 10.0.40219.1
Project("{FAE04EC0-301F-11D3-BF4B-00C04F79EFBC}") = "GenericExcerciseProduct", "GenericExcerciseProduct\GenericExcerciseProduct.csproj", "{8C65F817-A6E6-4F9C-B24B-F852ED3ACBF8}"
EndProject
Global
	GlobalSection(SolutionConfigurationPlatforms) = preSolution
		Debug|Any CPU = Debug|Any CPU
		Release|Any CPU = Release|Any CPU
	EndGlobalSection
	GlobalSection(ProjectConfigurationPlatforms) = postSolution
		{8C65F817-A6E6-4F9C-B24B-F852ED3ACBF8}.Debug|Any CPU.ActiveCfg = Debug|Any CPU
		{8C65F817-A6E6-4F9C-B24B-F852ED3ACBF8}.Debug|Any CPU.Build.0 = Debug|Any CPU
		{8C65F817-A6E6-4F9C-B24B-F852ED3ACBF8}.Release|Any CPU.ActiveCfg = Release|Any CPU
		{8C65F817-A6E6-4F9C-B24B-F852ED3ACBF8}.Release|Any CPU.Build.0 = Release|Any CPU
	EndGlobalSection
	GlobalSection(SolutionProperties) = preSolution
		HideSolutionNode = FALSE
	EndGlobalSection
	GlobalSection(ExtensibilityGlobals) = postSolution
		SolutionGuid = {2028EEC4-1AE0-4B8F-9C37-2D5AA12987BF}
	EndGlobalSection
EndGlobal
