
Microsoft Visual Studio Solution File, Format Version 12.00
# Visual Studio Version 16
VisualStudioVersion = 16.0.31605.320
MinimumVisualStudioVersion = 10.0.40219.1
Project("{FAE04EC0-301F-11D3-BF4B-00C04F79EFBC}") = "ConsoleAppCollection", "ConsoleAppCollection\ConsoleAppCollection.csproj", "{FF4F0458-F57D-4E29-BE4F-7D0A41001E92}"
EndProject
Global
	GlobalSection(SolutionConfigurationPlatforms) = preSolution
		Debug|Any CPU = Debug|Any CPU
		Release|Any CPU = Release|Any CPU
	EndGlobalSection
	GlobalSection(ProjectConfigurationPlatforms) = postSolution
		{FF4F0458-F57D-4E29-BE4F-7D0A41001E92}.Debug|Any CPU.ActiveCfg = Debug|Any CPU
		{FF4F0458-F57D-4E29-BE4F-7D0A41001E92}.Debug|Any CPU.Build.0 = Debug|Any CPU
		{FF4F0458-F57D-4E29-BE4F-7D0A41001E92}.Release|Any CPU.ActiveCfg = Release|Any CPU
		{FF4F0458-F57D-4E29-BE4F-7D0A41001E92}.Release|Any CPU.Build.0 = Release|Any CPU
	EndGlobalSection
	GlobalSection(SolutionProperties) = preSolution
		HideSolutionNode = FALSE
	EndGlobalSection
	GlobalSection(ExtensibilityGlobals) = postSolution
		SolutionGuid = {30B15729-AA09-465E-9601-C8606A2A77B2}
	EndGlobalSection
EndGlobal
