
Microsoft Visual Studio Solution File, Format Version 12.00
# Visual Studio Version 16
VisualStudioVersion = 16.0.31605.320
MinimumVisualStudioVersion = 10.0.40219.1
Project("{FAE04EC0-301F-11D3-BF4B-00C04F79EFBC}") = "ConApp3", "ConApp3\ConApp3.csproj", "{34FD6F44-F4D9-4373-933D-1E7ED07DAFA8}"
EndProject
Global
	GlobalSection(SolutionConfigurationPlatforms) = preSolution
		Debug|Any CPU = Debug|Any CPU
		Release|Any CPU = Release|Any CPU
	EndGlobalSection
	GlobalSection(ProjectConfigurationPlatforms) = postSolution
		{34FD6F44-F4D9-4373-933D-1E7ED07DAFA8}.Debug|Any CPU.ActiveCfg = Debug|Any CPU
		{34FD6F44-F4D9-4373-933D-1E7ED07DAFA8}.Debug|Any CPU.Build.0 = Debug|Any CPU
		{34FD6F44-F4D9-4373-933D-1E7ED07DAFA8}.Release|Any CPU.ActiveCfg = Release|Any CPU
		{34FD6F44-F4D9-4373-933D-1E7ED07DAFA8}.Release|Any CPU.Build.0 = Release|Any CPU
	EndGlobalSection
	GlobalSection(SolutionProperties) = preSolution
		HideSolutionNode = FALSE
	EndGlobalSection
	GlobalSection(ExtensibilityGlobals) = postSolution
		SolutionGuid = {2CE8EFD1-6D57-4B70-9D32-E17CB4921F45}
	EndGlobalSection
EndGlobal
